// !$*UTF8*$!
{
	archiveVersion = 1;
	classes = {
	};
	objectVersion = 56;
	objects = {

/* Begin PBXBuildFile section */
		7186617E2BAD1EBA00BD141A /* TheMovieDBApp.swift in Sources */ = {isa = PBXBuildFile; fileRef = 7186617D2BAD1EBA00BD141A /* TheMovieDBApp.swift */; };
		718661802BAD1EBA00BD141A /* ContentView.swift in Sources */ = {isa = PBXBuildFile; fileRef = 7186617F2BAD1EBA00BD141A /* ContentView.swift */; };
		718661822BAD1EBC00BD141A /* Assets.xcassets in Resources */ = {isa = PBXBuildFile; fileRef = 718661812BAD1EBC00BD141A /* Assets.xcassets */; };
		718661852BAD1EBC00BD141A /* Preview Assets.xcassets in Resources */ = {isa = PBXBuildFile; fileRef = 718661842BAD1EBC00BD141A /* Preview Assets.xcassets */; };
		7186618F2BAD1EBD00BD141A /* TheMovieDBTests.swift in Sources */ = {isa = PBXBuildFile; fileRef = 7186618E2BAD1EBD00BD141A /* TheMovieDBTests.swift */; };
		718661992BAD1EBD00BD141A /* TheMovieDBUITests.swift in Sources */ = {isa = PBXBuildFile; fileRef = 718661982BAD1EBD00BD141A /* TheMovieDBUITests.swift */; };
		7186619B2BAD1EBD00BD141A /* TheMovieDBUITestsLaunchTests.swift in Sources */ = {isa = PBXBuildFile; fileRef = 7186619A2BAD1EBD00BD141A /* TheMovieDBUITestsLaunchTests.swift */; };
		71C5A6232BAD3116000E23B3 /* BrandColors.swift in Sources */ = {isa = PBXBuildFile; fileRef = 71C5A6222BAD3116000E23B3 /* BrandColors.swift */; };
		71C5A6252BAD3480000E23B3 /* BrandImages.swift in Sources */ = {isa = PBXBuildFile; fileRef = 71C5A6242BAD3480000E23B3 /* BrandImages.swift */; };
		71C5A6342BAD637D000E23B3 /* Alamofire in Frameworks */ = {isa = PBXBuildFile; productRef = 71C5A6332BAD637D000E23B3 /* Alamofire */; };
		71C5A6362BAD63F9000E23B3 /* NetworkProvider.swift in Sources */ = {isa = PBXBuildFile; fileRef = 71C5A6352BAD63F9000E23B3 /* NetworkProvider.swift */; };
		71C5A6382BAD67D8000E23B3 /* NetworkRequester.swift in Sources */ = {isa = PBXBuildFile; fileRef = 71C5A6372BAD67D8000E23B3 /* NetworkRequester.swift */; };
		71C5A63A2BAD6854000E23B3 /* TargetType.swift in Sources */ = {isa = PBXBuildFile; fileRef = 71C5A6392BAD6854000E23B3 /* TargetType.swift */; };
		71F3B3F72BB1089100BFBF56 /* TMDBError.swift in Sources */ = {isa = PBXBuildFile; fileRef = 71F3B3F62BB1089100BFBF56 /* TMDBError.swift */; };
		71F3B3F92BB1097C00BFBF56 /* APIError .swift in Sources */ = {isa = PBXBuildFile; fileRef = 71F3B3F82BB1097C00BFBF56 /* APIError .swift */; };
		71F3B3FB2BB1190400BFBF56 /* ParameterType.swift in Sources */ = {isa = PBXBuildFile; fileRef = 71F3B3FA2BB1190400BFBF56 /* ParameterType.swift */; };
/* End PBXBuildFile section */

/* Begin PBXContainerItemProxy section */
		7186618B2BAD1EBD00BD141A /* PBXContainerItemProxy */ = {
			isa = PBXContainerItemProxy;
			containerPortal = 718661722BAD1EBA00BD141A /* Project object */;
			proxyType = 1;
			remoteGlobalIDString = 718661792BAD1EBA00BD141A;
			remoteInfo = TheMovieDB;
		};
		718661952BAD1EBD00BD141A /* PBXContainerItemProxy */ = {
			isa = PBXContainerItemProxy;
			containerPortal = 718661722BAD1EBA00BD141A /* Project object */;
			proxyType = 1;
			remoteGlobalIDString = 718661792BAD1EBA00BD141A;
			remoteInfo = TheMovieDB;
		};
/* End PBXContainerItemProxy section */

/* Begin PBXFileReference section */
		7186617A2BAD1EBA00BD141A /* TheMovieDB.app */ = {isa = PBXFileReference; explicitFileType = wrapper.application; includeInIndex = 0; path = TheMovieDB.app; sourceTree = BUILT_PRODUCTS_DIR; };
		7186617D2BAD1EBA00BD141A /* TheMovieDBApp.swift */ = {isa = PBXFileReference; lastKnownFileType = sourcecode.swift; path = TheMovieDBApp.swift; sourceTree = "<group>"; };
		7186617F2BAD1EBA00BD141A /* ContentView.swift */ = {isa = PBXFileReference; lastKnownFileType = sourcecode.swift; path = ContentView.swift; sourceTree = "<group>"; };
		718661812BAD1EBC00BD141A /* Assets.xcassets */ = {isa = PBXFileReference; lastKnownFileType = folder.assetcatalog; path = Assets.xcassets; sourceTree = "<group>"; };
		718661842BAD1EBC00BD141A /* Preview Assets.xcassets */ = {isa = PBXFileReference; lastKnownFileType = folder.assetcatalog; path = "Preview Assets.xcassets"; sourceTree = "<group>"; };
		7186618A2BAD1EBD00BD141A /* TheMovieDBTests.xctest */ = {isa = PBXFileReference; explicitFileType = wrapper.cfbundle; includeInIndex = 0; path = TheMovieDBTests.xctest; sourceTree = BUILT_PRODUCTS_DIR; };
		7186618E2BAD1EBD00BD141A /* TheMovieDBTests.swift */ = {isa = PBXFileReference; lastKnownFileType = sourcecode.swift; path = TheMovieDBTests.swift; sourceTree = "<group>"; };
		718661942BAD1EBD00BD141A /* TheMovieDBUITests.xctest */ = {isa = PBXFileReference; explicitFileType = wrapper.cfbundle; includeInIndex = 0; path = TheMovieDBUITests.xctest; sourceTree = BUILT_PRODUCTS_DIR; };
		718661982BAD1EBD00BD141A /* TheMovieDBUITests.swift */ = {isa = PBXFileReference; lastKnownFileType = sourcecode.swift; path = TheMovieDBUITests.swift; sourceTree = "<group>"; };
		7186619A2BAD1EBD00BD141A /* TheMovieDBUITestsLaunchTests.swift */ = {isa = PBXFileReference; lastKnownFileType = sourcecode.swift; path = TheMovieDBUITestsLaunchTests.swift; sourceTree = "<group>"; };
		71C5A6222BAD3116000E23B3 /* BrandColors.swift */ = {isa = PBXFileReference; lastKnownFileType = sourcecode.swift; path = BrandColors.swift; sourceTree = "<group>"; };
		71C5A6242BAD3480000E23B3 /* BrandImages.swift */ = {isa = PBXFileReference; lastKnownFileType = sourcecode.swift; path = BrandImages.swift; sourceTree = "<group>"; };
		71C5A6352BAD63F9000E23B3 /* NetworkProvider.swift */ = {isa = PBXFileReference; lastKnownFileType = sourcecode.swift; path = NetworkProvider.swift; sourceTree = "<group>"; };
		71C5A6372BAD67D8000E23B3 /* NetworkRequester.swift */ = {isa = PBXFileReference; lastKnownFileType = sourcecode.swift; path = NetworkRequester.swift; sourceTree = "<group>"; };
		71C5A6392BAD6854000E23B3 /* TargetType.swift */ = {isa = PBXFileReference; lastKnownFileType = sourcecode.swift; path = TargetType.swift; sourceTree = "<group>"; };
		71F3B3F62BB1089100BFBF56 /* TMDBError.swift */ = {isa = PBXFileReference; lastKnownFileType = sourcecode.swift; path = TMDBError.swift; sourceTree = "<group>"; };
		71F3B3F82BB1097C00BFBF56 /* APIError .swift */ = {isa = PBXFileReference; lastKnownFileType = sourcecode.swift; path = "APIError .swift"; sourceTree = "<group>"; };
		71F3B3FA2BB1190400BFBF56 /* ParameterType.swift */ = {isa = PBXFileReference; lastKnownFileType = sourcecode.swift; path = ParameterType.swift; sourceTree = "<group>"; };
/* End PBXFileReference section */

/* Begin PBXFrameworksBuildPhase section */
		718661772BAD1EBA00BD141A /* Frameworks */ = {
			isa = PBXFrameworksBuildPhase;
			buildActionMask = 2147483647;
			files = (
				71C5A6342BAD637D000E23B3 /* Alamofire in Frameworks */,
			);
			runOnlyForDeploymentPostprocessing = 0;
		};
		718661872BAD1EBD00BD141A /* Frameworks */ = {
			isa = PBXFrameworksBuildPhase;
			buildActionMask = 2147483647;
			files = (
			);
			runOnlyForDeploymentPostprocessing = 0;
		};
		718661912BAD1EBD00BD141A /* Frameworks */ = {
			isa = PBXFrameworksBuildPhase;
			buildActionMask = 2147483647;
			files = (
			);
			runOnlyForDeploymentPostprocessing = 0;
		};
/* End PBXFrameworksBuildPhase section */

/* Begin PBXGroup section */
		716E4CD22BAD2BA200001071 /* Source */ = {
			isa = PBXGroup;
			children = (
				71C5A6302BAD6321000E23B3 /* Core */,
				716E4CD32BAD2BA700001071 /* DesignSystem */,
			);
			path = Source;
			sourceTree = "<group>";
		};
		716E4CD32BAD2BA700001071 /* DesignSystem */ = {
			isa = PBXGroup;
			children = (
				71C5A6222BAD3116000E23B3 /* BrandColors.swift */,
				71C5A6242BAD3480000E23B3 /* BrandImages.swift */,
			);
			path = DesignSystem;
			sourceTree = "<group>";
		};
		718661712BAD1EBA00BD141A = {
			isa = PBXGroup;
			children = (
				7186617C2BAD1EBA00BD141A /* TheMovieDB */,
				7186618D2BAD1EBD00BD141A /* TheMovieDBTests */,
				718661972BAD1EBD00BD141A /* TheMovieDBUITests */,
				7186617B2BAD1EBA00BD141A /* Products */,
			);
			sourceTree = "<group>";
		};
		7186617B2BAD1EBA00BD141A /* Products */ = {
			isa = PBXGroup;
			children = (
				7186617A2BAD1EBA00BD141A /* TheMovieDB.app */,
				7186618A2BAD1EBD00BD141A /* TheMovieDBTests.xctest */,
				718661942BAD1EBD00BD141A /* TheMovieDBUITests.xctest */,
			);
			name = Products;
			sourceTree = "<group>";
		};
		7186617C2BAD1EBA00BD141A /* TheMovieDB */ = {
			isa = PBXGroup;
			children = (
				716E4CD22BAD2BA200001071 /* Source */,
				7186617D2BAD1EBA00BD141A /* TheMovieDBApp.swift */,
				7186617F2BAD1EBA00BD141A /* ContentView.swift */,
				718661812BAD1EBC00BD141A /* Assets.xcassets */,
				718661832BAD1EBC00BD141A /* Preview Content */,
			);
			path = TheMovieDB;
			sourceTree = "<group>";
		};
		718661832BAD1EBC00BD141A /* Preview Content */ = {
			isa = PBXGroup;
			children = (
				718661842BAD1EBC00BD141A /* Preview Assets.xcassets */,
			);
			path = "Preview Content";
			sourceTree = "<group>";
		};
		7186618D2BAD1EBD00BD141A /* TheMovieDBTests */ = {
			isa = PBXGroup;
			children = (
				7186618E2BAD1EBD00BD141A /* TheMovieDBTests.swift */,
			);
			path = TheMovieDBTests;
			sourceTree = "<group>";
		};
		718661972BAD1EBD00BD141A /* TheMovieDBUITests */ = {
			isa = PBXGroup;
			children = (
				718661982BAD1EBD00BD141A /* TheMovieDBUITests.swift */,
				7186619A2BAD1EBD00BD141A /* TheMovieDBUITestsLaunchTests.swift */,
			);
			path = TheMovieDBUITests;
			sourceTree = "<group>";
		};
		71C5A6302BAD6321000E23B3 /* Core */ = {
			isa = PBXGroup;
			children = (
				71C5A6312BAD6326000E23B3 /* Networking */,
			);
			path = Core;
			sourceTree = "<group>";
		};
		71C5A6312BAD6326000E23B3 /* Networking */ = {
			isa = PBXGroup;
			children = (
				71F3B3F52BB1088800BFBF56 /* Models */,
				71C5A6352BAD63F9000E23B3 /* NetworkProvider.swift */,
				71C5A6372BAD67D8000E23B3 /* NetworkRequester.swift */,
				71C5A6392BAD6854000E23B3 /* TargetType.swift */,
			);
			path = Networking;
			sourceTree = "<group>";
		};
		71F3B3F52BB1088800BFBF56 /* Models */ = {
			isa = PBXGroup;
			children = (
				71F3B3F62BB1089100BFBF56 /* TMDBError.swift */,
				71F3B3F82BB1097C00BFBF56 /* APIError .swift */,
				71F3B3FA2BB1190400BFBF56 /* ParameterType.swift */,
			);
			path = Models;
			sourceTree = "<group>";
		};
/* End PBXGroup section */

/* Begin PBXNativeTarget section */
		718661792BAD1EBA00BD141A /* TheMovieDB */ = {
			isa = PBXNativeTarget;
			buildConfigurationList = 7186619E2BAD1EBD00BD141A /* Build configuration list for PBXNativeTarget "TheMovieDB" */;
			buildPhases = (
				718661762BAD1EBA00BD141A /* Sources */,
				718661772BAD1EBA00BD141A /* Frameworks */,
				718661782BAD1EBA00BD141A /* Resources */,
			);
			buildRules = (
			);
			dependencies = (
			);
			name = TheMovieDB;
			packageProductDependencies = (
				71C5A6332BAD637D000E23B3 /* Alamofire */,
			);
			productName = TheMovieDB;
			productReference = 7186617A2BAD1EBA00BD141A /* TheMovieDB.app */;
			productType = "com.apple.product-type.application";
		};
		718661892BAD1EBD00BD141A /* TheMovieDBTests */ = {
			isa = PBXNativeTarget;
			buildConfigurationList = 718661A12BAD1EBD00BD141A /* Build configuration list for PBXNativeTarget "TheMovieDBTests" */;
			buildPhases = (
				718661862BAD1EBD00BD141A /* Sources */,
				718661872BAD1EBD00BD141A /* Frameworks */,
				718661882BAD1EBD00BD141A /* Resources */,
			);
			buildRules = (
			);
			dependencies = (
				7186618C2BAD1EBD00BD141A /* PBXTargetDependency */,
			);
			name = TheMovieDBTests;
			productName = TheMovieDBTests;
			productReference = 7186618A2BAD1EBD00BD141A /* TheMovieDBTests.xctest */;
			productType = "com.apple.product-type.bundle.unit-test";
		};
		718661932BAD1EBD00BD141A /* TheMovieDBUITests */ = {
			isa = PBXNativeTarget;
			buildConfigurationList = 718661A42BAD1EBD00BD141A /* Build configuration list for PBXNativeTarget "TheMovieDBUITests" */;
			buildPhases = (
				718661902BAD1EBD00BD141A /* Sources */,
				718661912BAD1EBD00BD141A /* Frameworks */,
				718661922BAD1EBD00BD141A /* Resources */,
			);
			buildRules = (
			);
			dependencies = (
				718661962BAD1EBD00BD141A /* PBXTargetDependency */,
			);
			name = TheMovieDBUITests;
			productName = TheMovieDBUITests;
			productReference = 718661942BAD1EBD00BD141A /* TheMovieDBUITests.xctest */;
			productType = "com.apple.product-type.bundle.ui-testing";
		};
/* End PBXNativeTarget section */

/* Begin PBXProject section */
		718661722BAD1EBA00BD141A /* Project object */ = {
			isa = PBXProject;
			attributes = {
				BuildIndependentTargetsInParallel = 1;
				LastSwiftUpdateCheck = 1500;
				LastUpgradeCheck = 1500;
				TargetAttributes = {
					718661792BAD1EBA00BD141A = {
						CreatedOnToolsVersion = 15.0.1;
					};
					718661892BAD1EBD00BD141A = {
						CreatedOnToolsVersion = 15.0.1;
						TestTargetID = 718661792BAD1EBA00BD141A;
					};
					718661932BAD1EBD00BD141A = {
						CreatedOnToolsVersion = 15.0.1;
						TestTargetID = 718661792BAD1EBA00BD141A;
					};
				};
			};
			buildConfigurationList = 718661752BAD1EBA00BD141A /* Build configuration list for PBXProject "TheMovieDB" */;
			compatibilityVersion = "Xcode 14.0";
			developmentRegion = en;
			hasScannedForEncodings = 0;
			knownRegions = (
				en,
				Base,
			);
			mainGroup = 718661712BAD1EBA00BD141A;
			packageReferences = (
				71C5A6322BAD637D000E23B3 /* XCRemoteSwiftPackageReference "Alamofire" */,
			);
			productRefGroup = 7186617B2BAD1EBA00BD141A /* Products */;
			projectDirPath = "";
			projectRoot = "";
			targets = (
				718661792BAD1EBA00BD141A /* TheMovieDB */,
				718661892BAD1EBD00BD141A /* TheMovieDBTests */,
				718661932BAD1EBD00BD141A /* TheMovieDBUITests */,
			);
		};
/* End PBXProject section */

/* Begin PBXResourcesBuildPhase section */
		718661782BAD1EBA00BD141A /* Resources */ = {
			isa = PBXResourcesBuildPhase;
			buildActionMask = 2147483647;
			files = (
				718661852BAD1EBC00BD141A /* Preview Assets.xcassets in Resources */,
				718661822BAD1EBC00BD141A /* Assets.xcassets in Resources */,
			);
			runOnlyForDeploymentPostprocessing = 0;
		};
		718661882BAD1EBD00BD141A /* Resources */ = {
			isa = PBXResourcesBuildPhase;
			buildActionMask = 2147483647;
			files = (
			);
			runOnlyForDeploymentPostprocessing = 0;
		};
		718661922BAD1EBD00BD141A /* Resources */ = {
			isa = PBXResourcesBuildPhase;
			buildActionMask = 2147483647;
			files = (
			);
			runOnlyForDeploymentPostprocessing = 0;
		};
/* End PBXResourcesBuildPhase section */

/* Begin PBXSourcesBuildPhase section */
		718661762BAD1EBA00BD141A /* Sources */ = {
			isa = PBXSourcesBuildPhase;
			buildActionMask = 2147483647;
			files = (
				71F3B3F92BB1097C00BFBF56 /* APIError .swift in Sources */,
				71C5A6232BAD3116000E23B3 /* BrandColors.swift in Sources */,
				71C5A6252BAD3480000E23B3 /* BrandImages.swift in Sources */,
				71F3B3F72BB1089100BFBF56 /* TMDBError.swift in Sources */,
				718661802BAD1EBA00BD141A /* ContentView.swift in Sources */,
				7186617E2BAD1EBA00BD141A /* TheMovieDBApp.swift in Sources */,
				71C5A6362BAD63F9000E23B3 /* NetworkProvider.swift in Sources */,
				71F3B3FB2BB1190400BFBF56 /* ParameterType.swift in Sources */,
				71C5A6382BAD67D8000E23B3 /* NetworkRequester.swift in Sources */,
				71C5A63A2BAD6854000E23B3 /* TargetType.swift in Sources */,
			);
			runOnlyForDeploymentPostprocessing = 0;
		};
		718661862BAD1EBD00BD141A /* Sources */ = {
			isa = PBXSourcesBuildPhase;
			buildActionMask = 2147483647;
			files = (
				7186618F2BAD1EBD00BD141A /* TheMovieDBTests.swift in Sources */,
			);
			runOnlyForDeploymentPostprocessing = 0;
		};
		718661902BAD1EBD00BD141A /* Sources */ = {
			isa = PBXSourcesBuildPhase;
			buildActionMask = 2147483647;
			files = (
				718661992BAD1EBD00BD141A /* TheMovieDBUITests.swift in Sources */,
				7186619B2BAD1EBD00BD141A /* TheMovieDBUITestsLaunchTests.swift in Sources */,
			);
			runOnlyForDeploymentPostprocessing = 0;
		};
/* End PBXSourcesBuildPhase section */

/* Begin PBXTargetDependency section */
		7186618C2BAD1EBD00BD141A /* PBXTargetDependency */ = {
			isa = PBXTargetDependency;
			target = 718661792BAD1EBA00BD141A /* TheMovieDB */;
			targetProxy = 7186618B2BAD1EBD00BD141A /* PBXContainerItemProxy */;
		};
		718661962BAD1EBD00BD141A /* PBXTargetDependency */ = {
			isa = PBXTargetDependency;
			target = 718661792BAD1EBA00BD141A /* TheMovieDB */;
			targetProxy = 718661952BAD1EBD00BD141A /* PBXContainerItemProxy */;
		};
/* End PBXTargetDependency section */

/* Begin XCBuildConfiguration section */
		7186619C2BAD1EBD00BD141A /* Debug */ = {
			isa = XCBuildConfiguration;
			buildSettings = {
				ALWAYS_SEARCH_USER_PATHS = NO;
				ASSETCATALOG_COMPILER_GENERATE_SWIFT_ASSET_SYMBOL_EXTENSIONS = YES;
				CLANG_ANALYZER_NONNULL = YES;
				CLANG_ANALYZER_NUMBER_OBJECT_CONVERSION = YES_AGGRESSIVE;
				CLANG_CXX_LANGUAGE_STANDARD = "gnu++20";
				CLANG_ENABLE_MODULES = YES;
				CLANG_ENABLE_OBJC_ARC = YES;
				CLANG_ENABLE_OBJC_WEAK = YES;
				CLANG_WARN_BLOCK_CAPTURE_AUTORELEASING = YES;
				CLANG_WARN_BOOL_CONVERSION = YES;
				CLANG_WARN_COMMA = YES;
				CLANG_WARN_CONSTANT_CONVERSION = YES;
				CLANG_WARN_DEPRECATED_OBJC_IMPLEMENTATIONS = YES;
				CLANG_WARN_DIRECT_OBJC_ISA_USAGE = YES_ERROR;
				CLANG_WARN_DOCUMENTATION_COMMENTS = YES;
				CLANG_WARN_EMPTY_BODY = YES;
				CLANG_WARN_ENUM_CONVERSION = YES;
				CLANG_WARN_INFINITE_RECURSION = YES;
				CLANG_WARN_INT_CONVERSION = YES;
				CLANG_WARN_NON_LITERAL_NULL_CONVERSION = YES;
				CLANG_WARN_OBJC_IMPLICIT_RETAIN_SELF = YES;
				CLANG_WARN_OBJC_LITERAL_CONVERSION = YES;
				CLANG_WARN_OBJC_ROOT_CLASS = YES_ERROR;
				CLANG_WARN_QUOTED_INCLUDE_IN_FRAMEWORK_HEADER = YES;
				CLANG_WARN_RANGE_LOOP_ANALYSIS = YES;
				CLANG_WARN_STRICT_PROTOTYPES = YES;
				CLANG_WARN_SUSPICIOUS_MOVE = YES;
				CLANG_WARN_UNGUARDED_AVAILABILITY = YES_AGGRESSIVE;
				CLANG_WARN_UNREACHABLE_CODE = YES;
				CLANG_WARN__DUPLICATE_METHOD_MATCH = YES;
				COPY_PHASE_STRIP = NO;
				DEBUG_INFORMATION_FORMAT = dwarf;
				ENABLE_STRICT_OBJC_MSGSEND = YES;
				ENABLE_TESTABILITY = YES;
				ENABLE_USER_SCRIPT_SANDBOXING = YES;
				GCC_C_LANGUAGE_STANDARD = gnu17;
				GCC_DYNAMIC_NO_PIC = NO;
				GCC_NO_COMMON_BLOCKS = YES;
				GCC_OPTIMIZATION_LEVEL = 0;
				GCC_PREPROCESSOR_DEFINITIONS = (
					"DEBUG=1",
					"$(inherited)",
				);
				GCC_WARN_64_TO_32_BIT_CONVERSION = YES;
				GCC_WARN_ABOUT_RETURN_TYPE = YES_ERROR;
				GCC_WARN_UNDECLARED_SELECTOR = YES;
				GCC_WARN_UNINITIALIZED_AUTOS = YES_AGGRESSIVE;
				GCC_WARN_UNUSED_FUNCTION = YES;
				GCC_WARN_UNUSED_VARIABLE = YES;
				IPHONEOS_DEPLOYMENT_TARGET = 17.0;
				LOCALIZATION_PREFERS_STRING_CATALOGS = YES;
				MTL_ENABLE_DEBUG_INFO = INCLUDE_SOURCE;
				MTL_FAST_MATH = YES;
				ONLY_ACTIVE_ARCH = YES;
				SDKROOT = iphoneos;
				SWIFT_ACTIVE_COMPILATION_CONDITIONS = "DEBUG $(inherited)";
				SWIFT_OPTIMIZATION_LEVEL = "-Onone";
			};
			name = Debug;
		};
		7186619D2BAD1EBD00BD141A /* Release */ = {
			isa = XCBuildConfiguration;
			buildSettings = {
				ALWAYS_SEARCH_USER_PATHS = NO;
				ASSETCATALOG_COMPILER_GENERATE_SWIFT_ASSET_SYMBOL_EXTENSIONS = YES;
				CLANG_ANALYZER_NONNULL = YES;
				CLANG_ANALYZER_NUMBER_OBJECT_CONVERSION = YES_AGGRESSIVE;
				CLANG_CXX_LANGUAGE_STANDARD = "gnu++20";
				CLANG_ENABLE_MODULES = YES;
				CLANG_ENABLE_OBJC_ARC = YES;
				CLANG_ENABLE_OBJC_WEAK = YES;
				CLANG_WARN_BLOCK_CAPTURE_AUTORELEASING = YES;
				CLANG_WARN_BOOL_CONVERSION = YES;
				CLANG_WARN_COMMA = YES;
				CLANG_WARN_CONSTANT_CONVERSION = YES;
				CLANG_WARN_DEPRECATED_OBJC_IMPLEMENTATIONS = YES;
				CLANG_WARN_DIRECT_OBJC_ISA_USAGE = YES_ERROR;
				CLANG_WARN_DOCUMENTATION_COMMENTS = YES;
				CLANG_WARN_EMPTY_BODY = YES;
				CLANG_WARN_ENUM_CONVERSION = YES;
				CLANG_WARN_INFINITE_RECURSION = YES;
				CLANG_WARN_INT_CONVERSION = YES;
				CLANG_WARN_NON_LITERAL_NULL_CONVERSION = YES;
				CLANG_WARN_OBJC_IMPLICIT_RETAIN_SELF = YES;
				CLANG_WARN_OBJC_LITERAL_CONVERSION = YES;
				CLANG_WARN_OBJC_ROOT_CLASS = YES_ERROR;
				CLANG_WARN_QUOTED_INCLUDE_IN_FRAMEWORK_HEADER = YES;
				CLANG_WARN_RANGE_LOOP_ANALYSIS = YES;
				CLANG_WARN_STRICT_PROTOTYPES = YES;
				CLANG_WARN_SUSPICIOUS_MOVE = YES;
				CLANG_WARN_UNGUARDED_AVAILABILITY = YES_AGGRESSIVE;
				CLANG_WARN_UNREACHABLE_CODE = YES;
				CLANG_WARN__DUPLICATE_METHOD_MATCH = YES;
				COPY_PHASE_STRIP = NO;
				DEBUG_INFORMATION_FORMAT = "dwarf-with-dsym";
				ENABLE_NS_ASSERTIONS = NO;
				ENABLE_STRICT_OBJC_MSGSEND = YES;
				ENABLE_USER_SCRIPT_SANDBOXING = YES;
				GCC_C_LANGUAGE_STANDARD = gnu17;
				GCC_NO_COMMON_BLOCKS = YES;
				GCC_WARN_64_TO_32_BIT_CONVERSION = YES;
				GCC_WARN_ABOUT_RETURN_TYPE = YES_ERROR;
				GCC_WARN_UNDECLARED_SELECTOR = YES;
				GCC_WARN_UNINITIALIZED_AUTOS = YES_AGGRESSIVE;
				GCC_WARN_UNUSED_FUNCTION = YES;
				GCC_WARN_UNUSED_VARIABLE = YES;
				IPHONEOS_DEPLOYMENT_TARGET = 17.0;
				LOCALIZATION_PREFERS_STRING_CATALOGS = YES;
				MTL_ENABLE_DEBUG_INFO = NO;
				MTL_FAST_MATH = YES;
				SDKROOT = iphoneos;
				SWIFT_COMPILATION_MODE = wholemodule;
				VALIDATE_PRODUCT = YES;
			};
			name = Release;
		};
		7186619F2BAD1EBD00BD141A /* Debug */ = {
			isa = XCBuildConfiguration;
			buildSettings = {
				ASSETCATALOG_COMPILER_APPICON_NAME = AppIcon;
				ASSETCATALOG_COMPILER_GLOBAL_ACCENT_COLOR_NAME = AccentColor;
				CODE_SIGN_STYLE = Automatic;
				CURRENT_PROJECT_VERSION = 1;
				DEVELOPMENT_ASSET_PATHS = "\"TheMovieDB/Preview Content\"";
				DEVELOPMENT_TEAM = AC9J4S93KR;
				ENABLE_PREVIEWS = YES;
				GENERATE_INFOPLIST_FILE = YES;
				INFOPLIST_KEY_UIApplicationSceneManifest_Generation = YES;
				INFOPLIST_KEY_UIApplicationSupportsIndirectInputEvents = YES;
				INFOPLIST_KEY_UILaunchScreen_Generation = YES;
				INFOPLIST_KEY_UISupportedInterfaceOrientations_iPad = "UIInterfaceOrientationPortrait UIInterfaceOrientationPortraitUpsideDown UIInterfaceOrientationLandscapeLeft UIInterfaceOrientationLandscapeRight";
				INFOPLIST_KEY_UISupportedInterfaceOrientations_iPhone = "UIInterfaceOrientationPortrait UIInterfaceOrientationLandscapeLeft UIInterfaceOrientationLandscapeRight";
				LD_RUNPATH_SEARCH_PATHS = (
					"$(inherited)",
					"@executable_path/Frameworks",
				);
				MARKETING_VERSION = 1.0;
				PRODUCT_BUNDLE_IDENTIFIER = com.jossehblanco.TheMovieDB;
				PRODUCT_NAME = "$(TARGET_NAME)";
				SWIFT_EMIT_LOC_STRINGS = YES;
				SWIFT_VERSION = 5.0;
				TARGETED_DEVICE_FAMILY = "1,2";
			};
			name = Debug;
		};
		718661A02BAD1EBD00BD141A /* Release */ = {
			isa = XCBuildConfiguration;
			buildSettings = {
				ASSETCATALOG_COMPILER_APPICON_NAME = AppIcon;
				ASSETCATALOG_COMPILER_GLOBAL_ACCENT_COLOR_NAME = AccentColor;
				CODE_SIGN_STYLE = Automatic;
				CURRENT_PROJECT_VERSION = 1;
				DEVELOPMENT_ASSET_PATHS = "\"TheMovieDB/Preview Content\"";
				DEVELOPMENT_TEAM = AC9J4S93KR;
				ENABLE_PREVIEWS = YES;
				GENERATE_INFOPLIST_FILE = YES;
				INFOPLIST_KEY_UIApplicationSceneManifest_Generation = YES;
				INFOPLIST_KEY_UIApplicationSupportsIndirectInputEvents = YES;
				INFOPLIST_KEY_UILaunchScreen_Generation = YES;
				INFOPLIST_KEY_UISupportedInterfaceOrientations_iPad = "UIInterfaceOrientationPortrait UIInterfaceOrientationPortraitUpsideDown UIInterfaceOrientationLandscapeLeft UIInterfaceOrientationLandscapeRight";
				INFOPLIST_KEY_UISupportedInterfaceOrientations_iPhone = "UIInterfaceOrientationPortrait UIInterfaceOrientationLandscapeLeft UIInterfaceOrientationLandscapeRight";
				LD_RUNPATH_SEARCH_PATHS = (
					"$(inherited)",
					"@executable_path/Frameworks",
				);
				MARKETING_VERSION = 1.0;
				PRODUCT_BUNDLE_IDENTIFIER = com.jossehblanco.TheMovieDB;
				PRODUCT_NAME = "$(TARGET_NAME)";
				SWIFT_EMIT_LOC_STRINGS = YES;
				SWIFT_VERSION = 5.0;
				TARGETED_DEVICE_FAMILY = "1,2";
			};
			name = Release;
		};
		718661A22BAD1EBD00BD141A /* Debug */ = {
			isa = XCBuildConfiguration;
			buildSettings = {
				ALWAYS_EMBED_SWIFT_STANDARD_LIBRARIES = YES;
				BUNDLE_LOADER = "$(TEST_HOST)";
				CODE_SIGN_STYLE = Automatic;
				CURRENT_PROJECT_VERSION = 1;
				DEVELOPMENT_TEAM = AC9J4S93KR;
				GENERATE_INFOPLIST_FILE = YES;
				IPHONEOS_DEPLOYMENT_TARGET = 17.0;
				MARKETING_VERSION = 1.0;
				PRODUCT_BUNDLE_IDENTIFIER = com.jossehblanco.TheMovieDBTests;
				PRODUCT_NAME = "$(TARGET_NAME)";
				SWIFT_EMIT_LOC_STRINGS = NO;
				SWIFT_VERSION = 5.0;
				TARGETED_DEVICE_FAMILY = "1,2";
				TEST_HOST = "$(BUILT_PRODUCTS_DIR)/TheMovieDB.app/$(BUNDLE_EXECUTABLE_FOLDER_PATH)/TheMovieDB";
			};
			name = Debug;
		};
		718661A32BAD1EBD00BD141A /* Release */ = {
			isa = XCBuildConfiguration;
			buildSettings = {
				ALWAYS_EMBED_SWIFT_STANDARD_LIBRARIES = YES;
				BUNDLE_LOADER = "$(TEST_HOST)";
				CODE_SIGN_STYLE = Automatic;
				CURRENT_PROJECT_VERSION = 1;
				DEVELOPMENT_TEAM = AC9J4S93KR;
				GENERATE_INFOPLIST_FILE = YES;
				IPHONEOS_DEPLOYMENT_TARGET = 17.0;
				MARKETING_VERSION = 1.0;
				PRODUCT_BUNDLE_IDENTIFIER = com.jossehblanco.TheMovieDBTests;
				PRODUCT_NAME = "$(TARGET_NAME)";
				SWIFT_EMIT_LOC_STRINGS = NO;
				SWIFT_VERSION = 5.0;
				TARGETED_DEVICE_FAMILY = "1,2";
				TEST_HOST = "$(BUILT_PRODUCTS_DIR)/TheMovieDB.app/$(BUNDLE_EXECUTABLE_FOLDER_PATH)/TheMovieDB";
			};
			name = Release;
		};
		718661A52BAD1EBD00BD141A /* Debug */ = {
			isa = XCBuildConfiguration;
			buildSettings = {
				ALWAYS_EMBED_SWIFT_STANDARD_LIBRARIES = YES;
				CODE_SIGN_STYLE = Automatic;
				CURRENT_PROJECT_VERSION = 1;
				DEVELOPMENT_TEAM = AC9J4S93KR;
				GENERATE_INFOPLIST_FILE = YES;
				MARKETING_VERSION = 1.0;
				PRODUCT_BUNDLE_IDENTIFIER = com.jossehblanco.TheMovieDBUITests;
				PRODUCT_NAME = "$(TARGET_NAME)";
				SWIFT_EMIT_LOC_STRINGS = NO;
				SWIFT_VERSION = 5.0;
				TARGETED_DEVICE_FAMILY = "1,2";
				TEST_TARGET_NAME = TheMovieDB;
			};
			name = Debug;
		};
		718661A62BAD1EBD00BD141A /* Release */ = {
			isa = XCBuildConfiguration;
			buildSettings = {
				ALWAYS_EMBED_SWIFT_STANDARD_LIBRARIES = YES;
				CODE_SIGN_STYLE = Automatic;
				CURRENT_PROJECT_VERSION = 1;
				DEVELOPMENT_TEAM = AC9J4S93KR;
				GENERATE_INFOPLIST_FILE = YES;
				MARKETING_VERSION = 1.0;
				PRODUCT_BUNDLE_IDENTIFIER = com.jossehblanco.TheMovieDBUITests;
				PRODUCT_NAME = "$(TARGET_NAME)";
				SWIFT_EMIT_LOC_STRINGS = NO;
				SWIFT_VERSION = 5.0;
				TARGETED_DEVICE_FAMILY = "1,2";
				TEST_TARGET_NAME = TheMovieDB;
			};
			name = Release;
		};
/* End XCBuildConfiguration section */

/* Begin XCConfigurationList section */
		718661752BAD1EBA00BD141A /* Build configuration list for PBXProject "TheMovieDB" */ = {
			isa = XCConfigurationList;
			buildConfigurations = (
				7186619C2BAD1EBD00BD141A /* Debug */,
				7186619D2BAD1EBD00BD141A /* Release */,
			);
			defaultConfigurationIsVisible = 0;
			defaultConfigurationName = Release;
		};
		7186619E2BAD1EBD00BD141A /* Build configuration list for PBXNativeTarget "TheMovieDB" */ = {
			isa = XCConfigurationList;
			buildConfigurations = (
				7186619F2BAD1EBD00BD141A /* Debug */,
				718661A02BAD1EBD00BD141A /* Release */,
			);
			defaultConfigurationIsVisible = 0;
			defaultConfigurationName = Release;
		};
		718661A12BAD1EBD00BD141A /* Build configuration list for PBXNativeTarget "TheMovieDBTests" */ = {
			isa = XCConfigurationList;
			buildConfigurations = (
				718661A22BAD1EBD00BD141A /* Debug */,
				718661A32BAD1EBD00BD141A /* Release */,
			);
			defaultConfigurationIsVisible = 0;
			defaultConfigurationName = Release;
		};
		718661A42BAD1EBD00BD141A /* Build configuration list for PBXNativeTarget "TheMovieDBUITests" */ = {
			isa = XCConfigurationList;
			buildConfigurations = (
				718661A52BAD1EBD00BD141A /* Debug */,
				718661A62BAD1EBD00BD141A /* Release */,
			);
			defaultConfigurationIsVisible = 0;
			defaultConfigurationName = Release;
		};
/* End XCConfigurationList section */

/* Begin XCRemoteSwiftPackageReference section */
		71C5A6322BAD637D000E23B3 /* XCRemoteSwiftPackageReference "Alamofire" */ = {
			isa = XCRemoteSwiftPackageReference;
			repositoryURL = "https://github.com/Alamofire/Alamofire.git";
			requirement = {
				kind = upToNextMajorVersion;
				minimumVersion = 5.9.0;
			};
		};
/* End XCRemoteSwiftPackageReference section */

/* Begin XCSwiftPackageProductDependency section */
		71C5A6332BAD637D000E23B3 /* Alamofire */ = {
			isa = XCSwiftPackageProductDependency;
			package = 71C5A6322BAD637D000E23B3 /* XCRemoteSwiftPackageReference "Alamofire" */;
			productName = Alamofire;
		};
/* End XCSwiftPackageProductDependency section */
	};
	rootObject = 718661722BAD1EBA00BD141A /* Project object */;
}
